
Microsoft Visual Studio Solution File, Format Version 12.00
# Visual Studio Version 16
VisualStudioVersion = 16.0.29424.173
MinimumVisualStudioVersion = 10.0.40219.1
Project("{9A19103F-16F7-4668-BE54-9A1E7A4F7556}") = "CbInsights.CustomerApi", "src\CbInsights.CustomerApi\CbInsights.CustomerApi.csproj", "{498CAADF-FD43-46D6-BB27-EAAC9CD09D97}"
EndProject
Project("{9A19103F-16F7-4668-BE54-9A1E7A4F7556}") = "CbInsights.GatewayApi", "src\CbInsights.GatewayApi\CbInsights.GatewayApi.csproj", "{69253054-92AA-4112-AC75-F737D725DB7E}"
EndProject
Project("{9A19103F-16F7-4668-BE54-9A1E7A4F7556}") = "CbInsights.OrdersApi", "src\CbInsights.OrdersApi\CbInsights.OrdersApi.csproj", "{2A37C0F2-7BF0-4D70-9E65-9766E6E4FD0E}"
EndProject
Project("{9A19103F-16F7-4668-BE54-9A1E7A4F7556}") = "CbInsights.ProductsApi", "src\CbInsights.ProductApi\CbInsights.ProductsApi.csproj", "{A568327C-95DA-4219-8369-470EF9054D60}"
EndProject
Project("{9A19103F-16F7-4668-BE54-9A1E7A4F7556}") = "CbInsights.CustomerApi.Tests", "src\CbInsights.CustomerApi.Tests\CbInsights.CustomerApi.Tests.csproj", "{5546C168-8E47-450F-ADF1-F51AF6E06E4B}"
EndProject
Global
	GlobalSection(SolutionConfigurationPlatforms) = preSolution
		Debug|Any CPU = Debug|Any CPU
		Release|Any CPU = Release|Any CPU
	EndGlobalSection
	GlobalSection(ProjectConfigurationPlatforms) = postSolution
		{498CAADF-FD43-46D6-BB27-EAAC9CD09D97}.Debug|Any CPU.ActiveCfg = Debug|Any CPU
		{498CAADF-FD43-46D6-BB27-EAAC9CD09D97}.Debug|Any CPU.Build.0 = Debug|Any CPU
		{498CAADF-FD43-46D6-BB27-EAAC9CD09D97}.Release|Any CPU.ActiveCfg = Release|Any CPU
		{498CAADF-FD43-46D6-BB27-EAAC9CD09D97}.Release|Any CPU.Build.0 = Release|Any CPU
		{69253054-92AA-4112-AC75-F737D725DB7E}.Debug|Any CPU.ActiveCfg = Debug|Any CPU
		{69253054-92AA-4112-AC75-F737D725DB7E}.Debug|Any CPU.Build.0 = Debug|Any CPU
		{69253054-92AA-4112-AC75-F737D725DB7E}.Release|Any CPU.ActiveCfg = Release|Any CPU
		{69253054-92AA-4112-AC75-F737D725DB7E}.Release|Any CPU.Build.0 = Release|Any CPU
		{2A37C0F2-7BF0-4D70-9E65-9766E6E4FD0E}.Debug|Any CPU.ActiveCfg = Debug|Any CPU
		{2A37C0F2-7BF0-4D70-9E65-9766E6E4FD0E}.Debug|Any CPU.Build.0 = Debug|Any CPU
		{2A37C0F2-7BF0-4D70-9E65-9766E6E4FD0E}.Release|Any CPU.ActiveCfg = Release|Any CPU
		{2A37C0F2-7BF0-4D70-9E65-9766E6E4FD0E}.Release|Any CPU.Build.0 = Release|Any CPU
		{A568327C-95DA-4219-8369-470EF9054D60}.Debug|Any CPU.ActiveCfg = Debug|Any CPU
		{A568327C-95DA-4219-8369-470EF9054D60}.Debug|Any CPU.Build.0 = Debug|Any CPU
		{A568327C-95DA-4219-8369-470EF9054D60}.Release|Any CPU.ActiveCfg = Release|Any CPU
		{A568327C-95DA-4219-8369-470EF9054D60}.Release|Any CPU.Build.0 = Release|Any CPU
		{5546C168-8E47-450F-ADF1-F51AF6E06E4B}.Debug|Any CPU.ActiveCfg = Debug|Any CPU
		{5546C168-8E47-450F-ADF1-F51AF6E06E4B}.Debug|Any CPU.Build.0 = Debug|Any CPU
		{5546C168-8E47-450F-ADF1-F51AF6E06E4B}.Release|Any CPU.ActiveCfg = Release|Any CPU
		{5546C168-8E47-450F-ADF1-F51AF6E06E4B}.Release|Any CPU.Build.0 = Release|Any CPU
	EndGlobalSection
	GlobalSection(SolutionProperties) = preSolution
		HideSolutionNode = FALSE
	EndGlobalSection
	GlobalSection(ExtensibilityGlobals) = postSolution
		SolutionGuid = {8352C11F-C5DD-4B33-A8C4-F3DE403CAAF9}
	EndGlobalSection
EndGlobal
